
Microsoft Visual Studio Solution File, Format Version 12.00
# Visual Studio Version 17
VisualStudioVersion = 17.9.34714.143
MinimumVisualStudioVersion = 10.0.40219.1
Project("{FAE04EC0-301F-11D3-BF4B-00C04F79EFBC}") = "UchepPr", "UchepPr\UchepPr.csproj", "{92B17DA5-1306-48BD-A10B-8DC3239422AF}"
EndProject
Global
	GlobalSection(SolutionConfigurationPlatforms) = preSolution
		Debug|Any CPU = Debug|Any CPU
		Release|Any CPU = Release|Any CPU
	EndGlobalSection
	GlobalSection(ProjectConfigurationPlatforms) = postSolution
		{92B17DA5-1306-48BD-A10B-8DC3239422AF}.Debug|Any CPU.ActiveCfg = Debug|Any CPU
		{92B17DA5-1306-48BD-A10B-8DC3239422AF}.Debug|Any CPU.Build.0 = Debug|Any CPU
		{92B17DA5-1306-48BD-A10B-8DC3239422AF}.Release|Any CPU.ActiveCfg = Release|Any CPU
		{92B17DA5-1306-48BD-A10B-8DC3239422AF}.Release|Any CPU.Build.0 = Release|Any CPU
	EndGlobalSection
	GlobalSection(SolutionProperties) = preSolution
		HideSolutionNode = FALSE
	EndGlobalSection
	GlobalSection(ExtensibilityGlobals) = postSolution
		SolutionGuid = {537673D7-32F4-4BA3-8955-846D2720A78A}
	EndGlobalSection
EndGlobal
